apiVersion: vendir.k14s.io/v1alpha1
directories:
- contents:
  - hg:
      changeSetTitle: fix migration template
      sha: d543a6b4538e4942777aa46a471690a022c4f3de
    path: go-orusapi
  - git:
      commitTitle: Fix OneOfStringNull.UnmarshalJSONIterator
      sha: cc402b93ccf6619eef48ac33c0dcbbcfd2cc96a7
    path: json-schema-generate
  path: dependencies
kind: LockConfig
